
Microsoft Visual Studio Solution File, Format Version 12.00
# Visual Studio Version 16
VisualStudioVersion = 16.0.33927.289
MinimumVisualStudioVersion = 10.0.40219.1
Project("{2150E333-8FDC-42A3-9474-1A3956D46DE8}") = "Task0", "Task0", "{CEDA65E8-1FCE-4F26-86FC-F62AABAD98E5}"
EndProject
Project("{FAE04EC0-301F-11D3-BF4B-00C04F79EFBC}") = "Tyuiu.ZhdanovaAA.Sprint6.Task0.V29.Test", "Tyuiu.ZhdanovaAA.Sprint6.Task0.V29.Test\Tyuiu.ZhdanovaAA.Sprint6.Task0.V29.Test.csproj", "{6CC918D0-5716-45EC-B775-6210A8C96F1C}"
EndProject
Project("{FAE04EC0-301F-11D3-BF4B-00C04F79EFBC}") = "Tyuiu.ZhdanovaAA.Sprint6.Task0.V29.Lib", "Tyuiu.ZhdanovaAA.Sprint6.Task0.V29.Lib\Tyuiu.ZhdanovaAA.Sprint6.Task0.V29.Lib.csproj", "{D3757366-B9EA-41C5-A4FA-A2A488D0AE5B}"
EndProject
Project("{FAE04EC0-301F-11D3-BF4B-00C04F79EFBC}") = "Tyuiu.ZhdanovaAA.Sprint6.Task0.V29", "Tyuiu.ZhdanovaAA.Sprint6.Task0.V29\Tyuiu.ZhdanovaAA.Sprint6.Task0.V29.csproj", "{995D4B6F-A7E8-4D2E-AE62-FD68241EC75C}"
EndProject
Project("{2150E333-8FDC-42A3-9474-1A3956D46DE8}") = "Task1", "Task1", "{28AE179A-0116-479F-A949-76BCCCDBBF93}"
EndProject
Project("{FAE04EC0-301F-11D3-BF4B-00C04F79EFBC}") = "Tyuiu.ZhdanovaAA.Sprint6.Task1.V18.Test", "Tyuiu.ZhdanovaAA.Sprint6.Task1.V18.Test\Tyuiu.ZhdanovaAA.Sprint6.Task1.V18.Test.csproj", "{C19DE75D-37BE-466C-A341-613C403A0AB5}"
EndProject
Project("{FAE04EC0-301F-11D3-BF4B-00C04F79EFBC}") = "Tyuiu.ZhdanovaAA.Sprint6.Task1.V18.Lib", "Tyuiu.ZhdanovaAA.Sprint6.Task1.V18.Lib\Tyuiu.ZhdanovaAA.Sprint6.Task1.V18.Lib.csproj", "{FE265F58-EC2D-4397-9743-3B5E7307584D}"
EndProject
Project("{FAE04EC0-301F-11D3-BF4B-00C04F79EFBC}") = "Tyuiu.ZhdanovaAA.Sprint6.Task1.V18", "Tyuiu.ZhdanovaAA.Sprint6.Task1.V18\Tyuiu.ZhdanovaAA.Sprint6.Task1.V18.csproj", "{6C30DB11-A0D7-4FC3-B4EC-3EC016B0F210}"
EndProject
Project("{2150E333-8FDC-42A3-9474-1A3956D46DE8}") = "Task2", "Task2", "{E0B483E7-4521-456B-8FCE-3527226A30D8}"
EndProject
Project("{FAE04EC0-301F-11D3-BF4B-00C04F79EFBC}") = "Tyuiu.ZhdanovaAA.Sprint6.Task2.V29.Test", "Tyuiu.ZhdanovaAA.Sprint6.Task2.V29.Test\Tyuiu.ZhdanovaAA.Sprint6.Task2.V29.Test.csproj", "{E7670042-064B-455E-93F1-EF3B2AF3AF29}"
EndProject
Project("{FAE04EC0-301F-11D3-BF4B-00C04F79EFBC}") = "Tyuiu.ZhdanovaAA.Sprint6.Task2.V29.Lib", "Tyuiu.ZhdanovaAA.Sprint6.Task2.V29.Lib\Tyuiu.ZhdanovaAA.Sprint6.Task2.V29.Lib.csproj", "{819F326B-94F4-47BC-AA95-DB83C43EFAD2}"
EndProject
Project("{FAE04EC0-301F-11D3-BF4B-00C04F79EFBC}") = "Tyuiu.ZhdanovaAA.Sprint6.Task2.V29", "Tyuiu.ZhdanovaAA.Sprint6.Task2.V29\Tyuiu.ZhdanovaAA.Sprint6.Task2.V29.csproj", "{C2968B0F-B767-4EE4-A05E-679C0C521F93}"
EndProject
Project("{2150E333-8FDC-42A3-9474-1A3956D46DE8}") = "Task3", "Task3", "{86C2B2F8-A942-4EB1-BB13-856825339DC8}"
EndProject
Project("{FAE04EC0-301F-11D3-BF4B-00C04F79EFBC}") = "Tyuiu.ZhdanovaAA.Sprint6.Task3.V30.Test", "Tyuiu.ZhdanovaAA.Sprint6.Task3.V30.Test\Tyuiu.ZhdanovaAA.Sprint6.Task3.V30.Test.csproj", "{4E823A2E-CAA0-4C94-8A0D-A28B11CB6647}"
EndProject
Project("{FAE04EC0-301F-11D3-BF4B-00C04F79EFBC}") = "Tyuiu.ZhdanovaAA.Sprint6.Task3.V30.Lib", "Tyuiu.ZhdanovaAA.Sprint6.Task3.V30.Lib\Tyuiu.ZhdanovaAA.Sprint6.Task3.V30.Lib.csproj", "{B995DC43-4217-47DA-8081-1F2800121CFF}"
EndProject
Project("{FAE04EC0-301F-11D3-BF4B-00C04F79EFBC}") = "Tyuiu.ZhdanovaAA.Sprint6.Task3.V30", "Tyuiu.ZhdanovaAA.Sprint6.Task3.V30\Tyuiu.ZhdanovaAA.Sprint6.Task3.V30.csproj", "{0B9CDF51-7CF6-465D-BE36-E42F8E5A9AD6}"
EndProject
Global
	GlobalSection(SolutionConfigurationPlatforms) = preSolution
		Debug|Any CPU = Debug|Any CPU
		Release|Any CPU = Release|Any CPU
	EndGlobalSection
	GlobalSection(ProjectConfigurationPlatforms) = postSolution
		{6CC918D0-5716-45EC-B775-6210A8C96F1C}.Debug|Any CPU.ActiveCfg = Debug|Any CPU
		{6CC918D0-5716-45EC-B775-6210A8C96F1C}.Debug|Any CPU.Build.0 = Debug|Any CPU
		{6CC918D0-5716-45EC-B775-6210A8C96F1C}.Release|Any CPU.ActiveCfg = Release|Any CPU
		{6CC918D0-5716-45EC-B775-6210A8C96F1C}.Release|Any CPU.Build.0 = Release|Any CPU
		{D3757366-B9EA-41C5-A4FA-A2A488D0AE5B}.Debug|Any CPU.ActiveCfg = Debug|Any CPU
		{D3757366-B9EA-41C5-A4FA-A2A488D0AE5B}.Debug|Any CPU.Build.0 = Debug|Any CPU
		{D3757366-B9EA-41C5-A4FA-A2A488D0AE5B}.Release|Any CPU.ActiveCfg = Release|Any CPU
		{D3757366-B9EA-41C5-A4FA-A2A488D0AE5B}.Release|Any CPU.Build.0 = Release|Any CPU
		{995D4B6F-A7E8-4D2E-AE62-FD68241EC75C}.Debug|Any CPU.ActiveCfg = Debug|Any CPU
		{995D4B6F-A7E8-4D2E-AE62-FD68241EC75C}.Debug|Any CPU.Build.0 = Debug|Any CPU
		{995D4B6F-A7E8-4D2E-AE62-FD68241EC75C}.Release|Any CPU.ActiveCfg = Release|Any CPU
		{995D4B6F-A7E8-4D2E-AE62-FD68241EC75C}.Release|Any CPU.Build.0 = Release|Any CPU
		{C19DE75D-37BE-466C-A341-613C403A0AB5}.Debug|Any CPU.ActiveCfg = Debug|Any CPU
		{C19DE75D-37BE-466C-A341-613C403A0AB5}.Debug|Any CPU.Build.0 = Debug|Any CPU
		{C19DE75D-37BE-466C-A341-613C403A0AB5}.Release|Any CPU.ActiveCfg = Release|Any CPU
		{C19DE75D-37BE-466C-A341-613C403A0AB5}.Release|Any CPU.Build.0 = Release|Any CPU
		{FE265F58-EC2D-4397-9743-3B5E7307584D}.Debug|Any CPU.ActiveCfg = Debug|Any CPU
		{FE265F58-EC2D-4397-9743-3B5E7307584D}.Debug|Any CPU.Build.0 = Debug|Any CPU
		{FE265F58-EC2D-4397-9743-3B5E7307584D}.Release|Any CPU.ActiveCfg = Release|Any CPU
		{FE265F58-EC2D-4397-9743-3B5E7307584D}.Release|Any CPU.Build.0 = Release|Any CPU
		{6C30DB11-A0D7-4FC3-B4EC-3EC016B0F210}.Debug|Any CPU.ActiveCfg = Debug|Any CPU
		{6C30DB11-A0D7-4FC3-B4EC-3EC016B0F210}.Debug|Any CPU.Build.0 = Debug|Any CPU
		{6C30DB11-A0D7-4FC3-B4EC-3EC016B0F210}.Release|Any CPU.ActiveCfg = Release|Any CPU
		{6C30DB11-A0D7-4FC3-B4EC-3EC016B0F210}.Release|Any CPU.Build.0 = Release|Any CPU
		{E7670042-064B-455E-93F1-EF3B2AF3AF29}.Debug|Any CPU.ActiveCfg = Debug|Any CPU
		{E7670042-064B-455E-93F1-EF3B2AF3AF29}.Debug|Any CPU.Build.0 = Debug|Any CPU
		{E7670042-064B-455E-93F1-EF3B2AF3AF29}.Release|Any CPU.ActiveCfg = Release|Any CPU
		{E7670042-064B-455E-93F1-EF3B2AF3AF29}.Release|Any CPU.Build.0 = Release|Any CPU
		{819F326B-94F4-47BC-AA95-DB83C43EFAD2}.Debug|Any CPU.ActiveCfg = Debug|Any CPU
		{819F326B-94F4-47BC-AA95-DB83C43EFAD2}.Debug|Any CPU.Build.0 = Debug|Any CPU
		{819F326B-94F4-47BC-AA95-DB83C43EFAD2}.Release|Any CPU.ActiveCfg = Release|Any CPU
		{819F326B-94F4-47BC-AA95-DB83C43EFAD2}.Release|Any CPU.Build.0 = Release|Any CPU
		{C2968B0F-B767-4EE4-A05E-679C0C521F93}.Debug|Any CPU.ActiveCfg = Debug|Any CPU
		{C2968B0F-B767-4EE4-A05E-679C0C521F93}.Debug|Any CPU.Build.0 = Debug|Any CPU
		{C2968B0F-B767-4EE4-A05E-679C0C521F93}.Release|Any CPU.ActiveCfg = Release|Any CPU
		{C2968B0F-B767-4EE4-A05E-679C0C521F93}.Release|Any CPU.Build.0 = Release|Any CPU
		{4E823A2E-CAA0-4C94-8A0D-A28B11CB6647}.Debug|Any CPU.ActiveCfg = Debug|Any CPU
		{4E823A2E-CAA0-4C94-8A0D-A28B11CB6647}.Debug|Any CPU.Build.0 = Debug|Any CPU
		{4E823A2E-CAA0-4C94-8A0D-A28B11CB6647}.Release|Any CPU.ActiveCfg = Release|Any CPU
		{4E823A2E-CAA0-4C94-8A0D-A28B11CB6647}.Release|Any CPU.Build.0 = Release|Any CPU
		{B995DC43-4217-47DA-8081-1F2800121CFF}.Debug|Any CPU.ActiveCfg = Debug|Any CPU
		{B995DC43-4217-47DA-8081-1F2800121CFF}.Debug|Any CPU.Build.0 = Debug|Any CPU
		{B995DC43-4217-47DA-8081-1F2800121CFF}.Release|Any CPU.ActiveCfg = Release|Any CPU
		{B995DC43-4217-47DA-8081-1F2800121CFF}.Release|Any CPU.Build.0 = Release|Any CPU
		{0B9CDF51-7CF6-465D-BE36-E42F8E5A9AD6}.Debug|Any CPU.ActiveCfg = Debug|Any CPU
		{0B9CDF51-7CF6-465D-BE36-E42F8E5A9AD6}.Debug|Any CPU.Build.0 = Debug|Any CPU
		{0B9CDF51-7CF6-465D-BE36-E42F8E5A9AD6}.Release|Any CPU.ActiveCfg = Release|Any CPU
		{0B9CDF51-7CF6-465D-BE36-E42F8E5A9AD6}.Release|Any CPU.Build.0 = Release|Any CPU
	EndGlobalSection
	GlobalSection(SolutionProperties) = preSolution
		HideSolutionNode = FALSE
	EndGlobalSection
	GlobalSection(NestedProjects) = preSolution
		{6CC918D0-5716-45EC-B775-6210A8C96F1C} = {CEDA65E8-1FCE-4F26-86FC-F62AABAD98E5}
		{D3757366-B9EA-41C5-A4FA-A2A488D0AE5B} = {CEDA65E8-1FCE-4F26-86FC-F62AABAD98E5}
		{995D4B6F-A7E8-4D2E-AE62-FD68241EC75C} = {CEDA65E8-1FCE-4F26-86FC-F62AABAD98E5}
		{C19DE75D-37BE-466C-A341-613C403A0AB5} = {28AE179A-0116-479F-A949-76BCCCDBBF93}
		{FE265F58-EC2D-4397-9743-3B5E7307584D} = {28AE179A-0116-479F-A949-76BCCCDBBF93}
		{6C30DB11-A0D7-4FC3-B4EC-3EC016B0F210} = {28AE179A-0116-479F-A949-76BCCCDBBF93}
		{E7670042-064B-455E-93F1-EF3B2AF3AF29} = {E0B483E7-4521-456B-8FCE-3527226A30D8}
		{819F326B-94F4-47BC-AA95-DB83C43EFAD2} = {E0B483E7-4521-456B-8FCE-3527226A30D8}
		{C2968B0F-B767-4EE4-A05E-679C0C521F93} = {E0B483E7-4521-456B-8FCE-3527226A30D8}
		{4E823A2E-CAA0-4C94-8A0D-A28B11CB6647} = {86C2B2F8-A942-4EB1-BB13-856825339DC8}
		{B995DC43-4217-47DA-8081-1F2800121CFF} = {86C2B2F8-A942-4EB1-BB13-856825339DC8}
		{0B9CDF51-7CF6-465D-BE36-E42F8E5A9AD6} = {86C2B2F8-A942-4EB1-BB13-856825339DC8}
	EndGlobalSection
	GlobalSection(ExtensibilityGlobals) = postSolution
		SolutionGuid = {67900650-0DD4-4528-9D31-1DBEF43F56C2}
	EndGlobalSection
EndGlobal
